
Microsoft Visual Studio Solution File, Format Version 12.00
# Visual Studio Version 17
VisualStudioVersion = 17.6.33801.468
MinimumVisualStudioVersion = 10.0.40219.1
Project("{FAE04EC0-301F-11D3-BF4B-00C04F79EFBC}") = "ProductsApp", "ProductsApp\ProductsApp.csproj", "{698B8632-2748-4D16-B529-DF598A1E0703}"
EndProject
Project("{FAE04EC0-301F-11D3-BF4B-00C04F79EFBC}") = "ProductsAppTest", "ProductsAppTest\ProductsAppTest.csproj", "{40CA7ADE-6C04-4CE1-BE60-3EEE6B7A4321}"
EndProject
Global
	GlobalSection(SolutionConfigurationPlatforms) = preSolution
		Debug|Any CPU = Debug|Any CPU
		Release|Any CPU = Release|Any CPU
	EndGlobalSection
	GlobalSection(ProjectConfigurationPlatforms) = postSolution
		{698B8632-2748-4D16-B529-DF598A1E0703}.Debug|Any CPU.ActiveCfg = Debug|Any CPU
		{698B8632-2748-4D16-B529-DF598A1E0703}.Debug|Any CPU.Build.0 = Debug|Any CPU
		{698B8632-2748-4D16-B529-DF598A1E0703}.Release|Any CPU.ActiveCfg = Release|Any CPU
		{698B8632-2748-4D16-B529-DF598A1E0703}.Release|Any CPU.Build.0 = Release|Any CPU
		{40CA7ADE-6C04-4CE1-BE60-3EEE6B7A4321}.Debug|Any CPU.ActiveCfg = Debug|Any CPU
		{40CA7ADE-6C04-4CE1-BE60-3EEE6B7A4321}.Debug|Any CPU.Build.0 = Debug|Any CPU
		{40CA7ADE-6C04-4CE1-BE60-3EEE6B7A4321}.Release|Any CPU.ActiveCfg = Release|Any CPU
		{40CA7ADE-6C04-4CE1-BE60-3EEE6B7A4321}.Release|Any CPU.Build.0 = Release|Any CPU
	EndGlobalSection
	GlobalSection(SolutionProperties) = preSolution
		HideSolutionNode = FALSE
	EndGlobalSection
	GlobalSection(ExtensibilityGlobals) = postSolution
		SolutionGuid = {F7DFB6C8-1439-4CDE-8DBA-19D0F13D630C}
	EndGlobalSection
EndGlobal
